
Microsoft Visual Studio Solution File, Format Version 11.00
# Visual Studio 2010
Project("{FAE04EC0-301F-11D3-BF4B-00C04F79EFBC}") = "Assembly-CSharp", "Assembly-CSharp.csproj", "{9f5dd307-7949-6d45-2d5f-b352ace377b0}"
EndProject
Project("{FAE04EC0-301F-11D3-BF4B-00C04F79EFBC}") = "Assembly-CSharp-Editor", "Assembly-CSharp-Editor.csproj", "{d0c81ab6-70d0-df24-334c-6ceba2b238d0}"
EndProject
Global
	GlobalSection(SolutionConfigurationPlatforms) = preSolution
		Debug|Any CPU = Debug|Any CPU
	EndGlobalSection
	GlobalSection(ProjectConfigurationPlatforms) = postSolution
		{9f5dd307-7949-6d45-2d5f-b352ace377b0}.Debug|Any CPU.ActiveCfg = Debug|Any CPU
		{9f5dd307-7949-6d45-2d5f-b352ace377b0}.Debug|Any CPU.Build.0 = Debug|Any CPU
		{d0c81ab6-70d0-df24-334c-6ceba2b238d0}.Debug|Any CPU.ActiveCfg = Debug|Any CPU
		{d0c81ab6-70d0-df24-334c-6ceba2b238d0}.Debug|Any CPU.Build.0 = Debug|Any CPU
	EndGlobalSection
	GlobalSection(SolutionProperties) = preSolution
		HideSolutionNode = FALSE
	EndGlobalSection
EndGlobal
