
Microsoft Visual Studio Solution File, Format Version 11.00
# Visual Studio 2010
Project("{FAE04EC0-301F-11D3-BF4B-00C04F79EFBC}") = "Assembly-CSharp", "Assembly-CSharp.csproj", "{07D35D9F-4979-456D-2D5F-B352ACE377B0}"
EndProject
Project("{FAE04EC0-301F-11D3-BF4B-00C04F79EFBC}") = "Assembly-CSharp-Editor", "Assembly-CSharp-Editor.csproj", "{B61AC8D0-D070-24DF-334C-6CEBA2B238D0}"
EndProject
Global
	GlobalSection(SolutionConfigurationPlatforms) = preSolution
		Debug|Any CPU = Debug|Any CPU
		Release|Any CPU = Release|Any CPU
	EndGlobalSection
	GlobalSection(ProjectConfigurationPlatforms) = postSolution
		{07D35D9F-4979-456D-2D5F-B352ACE377B0}.Debug|Any CPU.ActiveCfg = Debug|Any CPU
		{07D35D9F-4979-456D-2D5F-B352ACE377B0}.Debug|Any CPU.Build.0 = Debug|Any CPU
		{07D35D9F-4979-456D-2D5F-B352ACE377B0}.Release|Any CPU.ActiveCfg = Release|Any CPU
		{07D35D9F-4979-456D-2D5F-B352ACE377B0}.Release|Any CPU.Build.0 = Release|Any CPU
		{B61AC8D0-D070-24DF-334C-6CEBA2B238D0}.Debug|Any CPU.ActiveCfg = Debug|Any CPU
		{B61AC8D0-D070-24DF-334C-6CEBA2B238D0}.Debug|Any CPU.Build.0 = Debug|Any CPU
		{B61AC8D0-D070-24DF-334C-6CEBA2B238D0}.Release|Any CPU.ActiveCfg = Release|Any CPU
		{B61AC8D0-D070-24DF-334C-6CEBA2B238D0}.Release|Any CPU.Build.0 = Release|Any CPU
	EndGlobalSection
	GlobalSection(SolutionProperties) = preSolution
		HideSolutionNode = FALSE
	EndGlobalSection
EndGlobal
